
Microsoft Visual Studio Solution File, Format Version 12.00
# Visual Studio Version 16
VisualStudioVersion = 16.0.29926.136
MinimumVisualStudioVersion = 10.0.40219.1
Project("{FAE04EC0-301F-11D3-BF4B-00C04F79EFBC}") = "ESG.Model", "ESG.Model\ESG.Model.csproj", "{9BE4D98C-E5C7-4011-9E63-19B70F2A1CB6}"
EndProject
Project("{FAE04EC0-301F-11D3-BF4B-00C04F79EFBC}") = "ESG.DAL", "ESG.DAL\ESG.DAL.csproj", "{B5B1BE80-36F8-4535-92DD-26BFDC17FA45}"
	ProjectSection(ProjectDependencies) = postProject
		{2A40FC4F-7250-47E2-A066-E51BCC845C0F} = {2A40FC4F-7250-47E2-A066-E51BCC845C0F}
		{9BE4D98C-E5C7-4011-9E63-19B70F2A1CB6} = {9BE4D98C-E5C7-4011-9E63-19B70F2A1CB6}
	EndProjectSection
EndProject
Project("{FAE04EC0-301F-11D3-BF4B-00C04F79EFBC}") = "ESG.MAP", "ESG.MAP\ESG.MAP.csproj", "{2A40FC4F-7250-47E2-A066-E51BCC845C0F}"
	ProjectSection(ProjectDependencies) = postProject
		{9BE4D98C-E5C7-4011-9E63-19B70F2A1CB6} = {9BE4D98C-E5C7-4011-9E63-19B70F2A1CB6}
	EndProjectSection
EndProject
Project("{FAE04EC0-301F-11D3-BF4B-00C04F79EFBC}") = "ESG.BLL", "ESG.BLL\ESG.BLL.csproj", "{6C2DE193-2F79-4698-BD39-3191D8DEDD0A}"
	ProjectSection(ProjectDependencies) = postProject
		{B5B1BE80-36F8-4535-92DD-26BFDC17FA45} = {B5B1BE80-36F8-4535-92DD-26BFDC17FA45}
		{9BE4D98C-E5C7-4011-9E63-19B70F2A1CB6} = {9BE4D98C-E5C7-4011-9E63-19B70F2A1CB6}
	EndProjectSection
EndProject
Project("{FAE04EC0-301F-11D3-BF4B-00C04F79EFBC}") = "ESG.MVC", "ESG.MVC\ESG.MVC.csproj", "{6E81CF3B-2224-4D70-AE77-1B858507DD7D}"
	ProjectSection(ProjectDependencies) = postProject
		{2A40FC4F-7250-47E2-A066-E51BCC845C0F} = {2A40FC4F-7250-47E2-A066-E51BCC845C0F}
		{B5B1BE80-36F8-4535-92DD-26BFDC17FA45} = {B5B1BE80-36F8-4535-92DD-26BFDC17FA45}
		{9BE4D98C-E5C7-4011-9E63-19B70F2A1CB6} = {9BE4D98C-E5C7-4011-9E63-19B70F2A1CB6}
		{6C2DE193-2F79-4698-BD39-3191D8DEDD0A} = {6C2DE193-2F79-4698-BD39-3191D8DEDD0A}
	EndProjectSection
EndProject
Global
	GlobalSection(SolutionConfigurationPlatforms) = preSolution
		Debug|Any CPU = Debug|Any CPU
		Release|Any CPU = Release|Any CPU
	EndGlobalSection
	GlobalSection(ProjectConfigurationPlatforms) = postSolution
		{9BE4D98C-E5C7-4011-9E63-19B70F2A1CB6}.Debug|Any CPU.ActiveCfg = Debug|Any CPU
		{9BE4D98C-E5C7-4011-9E63-19B70F2A1CB6}.Debug|Any CPU.Build.0 = Debug|Any CPU
		{9BE4D98C-E5C7-4011-9E63-19B70F2A1CB6}.Release|Any CPU.ActiveCfg = Release|Any CPU
		{9BE4D98C-E5C7-4011-9E63-19B70F2A1CB6}.Release|Any CPU.Build.0 = Release|Any CPU
		{B5B1BE80-36F8-4535-92DD-26BFDC17FA45}.Debug|Any CPU.ActiveCfg = Debug|Any CPU
		{B5B1BE80-36F8-4535-92DD-26BFDC17FA45}.Debug|Any CPU.Build.0 = Debug|Any CPU
		{B5B1BE80-36F8-4535-92DD-26BFDC17FA45}.Release|Any CPU.ActiveCfg = Release|Any CPU
		{B5B1BE80-36F8-4535-92DD-26BFDC17FA45}.Release|Any CPU.Build.0 = Release|Any CPU
		{2A40FC4F-7250-47E2-A066-E51BCC845C0F}.Debug|Any CPU.ActiveCfg = Debug|Any CPU
		{2A40FC4F-7250-47E2-A066-E51BCC845C0F}.Debug|Any CPU.Build.0 = Debug|Any CPU
		{2A40FC4F-7250-47E2-A066-E51BCC845C0F}.Release|Any CPU.ActiveCfg = Release|Any CPU
		{2A40FC4F-7250-47E2-A066-E51BCC845C0F}.Release|Any CPU.Build.0 = Release|Any CPU
		{6C2DE193-2F79-4698-BD39-3191D8DEDD0A}.Debug|Any CPU.ActiveCfg = Debug|Any CPU
		{6C2DE193-2F79-4698-BD39-3191D8DEDD0A}.Debug|Any CPU.Build.0 = Debug|Any CPU
		{6C2DE193-2F79-4698-BD39-3191D8DEDD0A}.Release|Any CPU.ActiveCfg = Release|Any CPU
		{6C2DE193-2F79-4698-BD39-3191D8DEDD0A}.Release|Any CPU.Build.0 = Release|Any CPU
		{6E81CF3B-2224-4D70-AE77-1B858507DD7D}.Debug|Any CPU.ActiveCfg = Debug|Any CPU
		{6E81CF3B-2224-4D70-AE77-1B858507DD7D}.Debug|Any CPU.Build.0 = Debug|Any CPU
		{6E81CF3B-2224-4D70-AE77-1B858507DD7D}.Release|Any CPU.ActiveCfg = Release|Any CPU
		{6E81CF3B-2224-4D70-AE77-1B858507DD7D}.Release|Any CPU.Build.0 = Release|Any CPU
	EndGlobalSection
	GlobalSection(SolutionProperties) = preSolution
		HideSolutionNode = FALSE
	EndGlobalSection
	GlobalSection(ExtensibilityGlobals) = postSolution
		SolutionGuid = {B255BB4E-3B09-48C1-ACD9-BC36329848E8}
	EndGlobalSection
EndGlobal
